
Microsoft Visual Studio Solution File, Format Version 12.00
# Visual Studio Version 17
VisualStudioVersion = 17.12.35527.113
MinimumVisualStudioVersion = 10.0.40219.1
Project("{2150E333-8FDC-42A3-9474-1A3956D46DE8}") = "Task0", "Task0", "{7C5DCF99-CCE3-4BA2-BC76-1E78F0E84B78}"
EndProject
Project("{FAE04EC0-301F-11D3-BF4B-00C04F79EFBC}") = "Tyuiu.MarkovSE.Sprint5.Task0.V20", "Tyuiu.MarkovSE.Sprint5.Task0.V20\Tyuiu.MarkovSE.Sprint5.Task0.V20.csproj", "{82E04662-BC65-4B0E-99BD-19BAD9A1E68E}"
EndProject
Project("{FAE04EC0-301F-11D3-BF4B-00C04F79EFBC}") = "Tyuiu.MarkovSE.Sprint5.Task0.V20.Lib", "Tyuiu.MarkovSE.Sprint5.Task0.V20.Lib\Tyuiu.MarkovSE.Sprint5.Task0.V20.Lib.csproj", "{28054B3D-C63E-475E-8A6B-C4A904E69DFC}"
EndProject
Project("{FAE04EC0-301F-11D3-BF4B-00C04F79EFBC}") = "Tyuiu.MarkovSE.Sprint5.Task0.V20.Test", "Tyuiu.MarkovSE.Sprint5.Task0.V20.Test\Tyuiu.MarkovSE.Sprint5.Task0.V20.Test.csproj", "{8DBB31F6-7201-49EB-8FB8-85C382B1A801}"
EndProject
Project("{2150E333-8FDC-42A3-9474-1A3956D46DE8}") = "Task1", "Task1", "{84FA2A9D-1D91-4E7A-BC3F-F7B339444B6C}"
EndProject
Project("{FAE04EC0-301F-11D3-BF4B-00C04F79EFBC}") = "Tyuiu.MarkovSE.Sprint5.Task1.V30", "Tyuiu.MarkovSE.Sprint5.Task1.V30\Tyuiu.MarkovSE.Sprint5.Task1.V30.csproj", "{FEF281DD-D37C-4EFC-8BBE-9E705480D916}"
EndProject
Project("{FAE04EC0-301F-11D3-BF4B-00C04F79EFBC}") = "Tyuiu.MarkovSE.Sprint5.Task1.V30.Lib", "Tyuiu.MarkovSE.Sprint5.Task1.V30.Lib\Tyuiu.MarkovSE.Sprint5.Task1.V30.Lib.csproj", "{1230C6D3-C01F-4076-9FF4-0F664821FFF1}"
EndProject
Project("{FAE04EC0-301F-11D3-BF4B-00C04F79EFBC}") = "Tyuiu.MarkovSE.Sprint5.Task1.V30.Test", "Tyuiu.MarkovSE.Sprint5.Task1.V30.Test\Tyuiu.MarkovSE.Sprint5.Task1.V30.Test.csproj", "{A23D368F-5606-42C0-A488-01221DB25B30}"
EndProject
Project("{2150E333-8FDC-42A3-9474-1A3956D46DE8}") = "Task 2", "Task 2", "{D1B87EB3-2FF0-43DF-BFE1-FB6472F65891}"
EndProject
Project("{2150E333-8FDC-42A3-9474-1A3956D46DE8}") = "Task 3", "Task 3", "{662053ED-906C-45E9-B219-4AEC9DF38DDE}"
EndProject
Project("{2150E333-8FDC-42A3-9474-1A3956D46DE8}") = "Task 4", "Task 4", "{45A2EB56-C2BA-43F4-B6E7-9472AE35F905}"
EndProject
Project("{2150E333-8FDC-42A3-9474-1A3956D46DE8}") = "Task 5", "Task 5", "{3EAA5244-324F-464F-AFDC-C27F19A91B45}"
EndProject
Project("{2150E333-8FDC-42A3-9474-1A3956D46DE8}") = "Task 6", "Task 6", "{299BCF68-E79E-4378-A357-06A72B96D186}"
EndProject
Project("{2150E333-8FDC-42A3-9474-1A3956D46DE8}") = "Task 7", "Task 7", "{625336D1-C56E-441D-B104-0694D36B6B7C}"
EndProject
Project("{FAE04EC0-301F-11D3-BF4B-00C04F79EFBC}") = "Tyuiu.MarkovSE.Sprint5.Task2.V27", "Tyuiu.MarkovSE.Sprint5.Task2.V27\Tyuiu.MarkovSE.Sprint5.Task2.V27.csproj", "{65E0657E-D261-4A74-B960-446B09A170C8}"
EndProject
Project("{FAE04EC0-301F-11D3-BF4B-00C04F79EFBC}") = "Tyuiu.MarkovSE.Sprint5.Task2.V27.Lib", "Tyuiu.MarkovSE.Sprint5.Task2.V27.Lib\Tyuiu.MarkovSE.Sprint5.Task2.V27.Lib.csproj", "{BF727A73-264C-4C60-A37D-791234BF4D00}"
EndProject
Project("{FAE04EC0-301F-11D3-BF4B-00C04F79EFBC}") = "Tyuiu.MarkovSE.Sprint5.Task2.V27.Test", "Tyuiu.MarkovSE.Sprint5.Task2.V27.Test\Tyuiu.MarkovSE.Sprint5.Task2.V27.Test.csproj", "{A88E2687-36D0-4EA8-ACC8-F176EAE44EBD}"
EndProject
Project("{FAE04EC0-301F-11D3-BF4B-00C04F79EFBC}") = "Tyuiu.MarkovSE.Sprint5.Task3.V24", "Tyuiu.MarkovSE.Sprint5.Task3.V24\Tyuiu.MarkovSE.Sprint5.Task3.V24.csproj", "{1735EE3B-C2F4-4C05-B9DB-B463744870C5}"
EndProject
Project("{FAE04EC0-301F-11D3-BF4B-00C04F79EFBC}") = "Tyuiu.MarkovSE.Sprint5.Task3.V24.Lib", "Tyuiu.MarkovSE.Sprint5.Task3.V24.Lib\Tyuiu.MarkovSE.Sprint5.Task3.V24.Lib.csproj", "{B24908A2-CB32-4CD4-9010-D90A78652E33}"
EndProject
Project("{FAE04EC0-301F-11D3-BF4B-00C04F79EFBC}") = "Tyuiu.MarkovSE.Sprint5.Task3.V24.Test", "Tyuiu.MarkovSE.Sprint5.Task3.V24.Test\Tyuiu.MarkovSE.Sprint5.Task3.V24.Test.csproj", "{97A20245-AB1A-4131-AE0C-35EB2F71D7EB}"
EndProject
Project("{FAE04EC0-301F-11D3-BF4B-00C04F79EFBC}") = "Tyuiu.MarkovSE.Sprint5.Task4.V2", "Tyuiu.MarkovSE.Sprint5.Task4.V2\Tyuiu.MarkovSE.Sprint5.Task4.V2.csproj", "{1B1250B4-C226-487C-9E9A-CEE542CAC7DF}"
EndProject
Project("{FAE04EC0-301F-11D3-BF4B-00C04F79EFBC}") = "Tyuiu.MarkovSE.Sprint5.Task4.V2.Lib", "Tyuiu.MarkovSE.Sprint5.Task4.V2.Lib\Tyuiu.MarkovSE.Sprint5.Task4.V2.Lib.csproj", "{301D6366-71F5-4B91-9547-8E1D25094BB7}"
EndProject
Project("{FAE04EC0-301F-11D3-BF4B-00C04F79EFBC}") = "Tyuiu.MarkovSE.Sprint5.Task4.V2.Test", "Tyuiu.MarkovSE.Sprint5.Task4.V2.Test\Tyuiu.MarkovSE.Sprint5.Task4.V2.Test.csproj", "{BB6A980F-B03A-4D48-942B-3FEDF4ABB10A}"
EndProject
Project("{FAE04EC0-301F-11D3-BF4B-00C04F79EFBC}") = "Tyuiu.MarkovSE.Sprint5.Task5.V10", "Tyuiu.MarkovSE.Sprint5.Task5.V10\Tyuiu.MarkovSE.Sprint5.Task5.V10.csproj", "{D1B41DB5-AEE8-442E-AA7E-232232F78DF1}"
EndProject
Project("{FAE04EC0-301F-11D3-BF4B-00C04F79EFBC}") = "Tyuiu.MarkovSE.Sprint5.Task5.V10.Lib", "Tyuiu.MarkovSE.Sprint5.Task5.V10.Lib\Tyuiu.MarkovSE.Sprint5.Task5.V10.Lib.csproj", "{ECAC2DB3-F740-464C-8120-A9AFF2965B42}"
EndProject
Project("{FAE04EC0-301F-11D3-BF4B-00C04F79EFBC}") = "Tyuiu.MarkovSE.Sprint5.Task5.V10.Test", "Tyuiu.MarkovSE.Sprint5.Task5.V10.Test\Tyuiu.MarkovSE.Sprint5.Task5.V10.Test.csproj", "{A8C54E99-A450-45BB-952F-7A2A9518E7B5}"
EndProject
Project("{FAE04EC0-301F-11D3-BF4B-00C04F79EFBC}") = "Tyuiu.MarkovSE.Sprint5.Task6.V7", "Tyuiu.MarkovSE.Sprint5.Task6.V7\Tyuiu.MarkovSE.Sprint5.Task6.V7.csproj", "{401435DD-C100-4D65-8303-7D75A7BED506}"
EndProject
Project("{FAE04EC0-301F-11D3-BF4B-00C04F79EFBC}") = "Tyuiu.MarkovSE.Sprint5.Task6.V7.Lib", "Tyuiu.MarkovSE.Sprint5.Task6.V7.Lib\Tyuiu.MarkovSE.Sprint5.Task6.V7.Lib.csproj", "{0F268D6C-72CD-49C1-86A8-569186EDAC89}"
EndProject
Project("{FAE04EC0-301F-11D3-BF4B-00C04F79EFBC}") = "Tyuiu.MarkovSE.Sprint5.Task6.V7.Test", "Tyuiu.MarkovSE.Sprint5.Task6.V7.Test\Tyuiu.MarkovSE.Sprint5.Task6.V7.Test.csproj", "{7889FF78-3DE6-477C-BE92-FE20ED7DB070}"
EndProject
Project("{FAE04EC0-301F-11D3-BF4B-00C04F79EFBC}") = "Tyuiu.MarkovSE.Sprint5.Task7.V9", "Tyuiu.MarkovSE.Sprint5.Task7.V9\Tyuiu.MarkovSE.Sprint5.Task7.V9.csproj", "{4D8027D2-C596-40D4-B01D-6F0A9E2C5DA3}"
EndProject
Project("{FAE04EC0-301F-11D3-BF4B-00C04F79EFBC}") = "Tyuiu.MarkovSE.Sprint5.Task7.V9.Test", "Tyuiu.MarkovSE.Sprint5.Task7.V9.Test\Tyuiu.MarkovSE.Sprint5.Task7.V9.Test.csproj", "{6A807E8C-720A-4465-AB90-98CD9E433716}"
EndProject
Project("{FAE04EC0-301F-11D3-BF4B-00C04F79EFBC}") = "Tyuiu.MarkovSE.Sprint5.Task7.V9.Lib", "Tyuiu.MarkovSE.Sprint5.Task7.V9.Lib\Tyuiu.MarkovSE.Sprint5.Task7.V9.Lib.csproj", "{16459DAC-99AD-4982-9351-724F790D77EF}"
EndProject
Global
	GlobalSection(SolutionConfigurationPlatforms) = preSolution
		Debug|Any CPU = Debug|Any CPU
		Release|Any CPU = Release|Any CPU
	EndGlobalSection
	GlobalSection(ProjectConfigurationPlatforms) = postSolution
		{82E04662-BC65-4B0E-99BD-19BAD9A1E68E}.Debug|Any CPU.ActiveCfg = Debug|Any CPU
		{82E04662-BC65-4B0E-99BD-19BAD9A1E68E}.Debug|Any CPU.Build.0 = Debug|Any CPU
		{82E04662-BC65-4B0E-99BD-19BAD9A1E68E}.Release|Any CPU.ActiveCfg = Release|Any CPU
		{82E04662-BC65-4B0E-99BD-19BAD9A1E68E}.Release|Any CPU.Build.0 = Release|Any CPU
		{28054B3D-C63E-475E-8A6B-C4A904E69DFC}.Debug|Any CPU.ActiveCfg = Debug|Any CPU
		{28054B3D-C63E-475E-8A6B-C4A904E69DFC}.Debug|Any CPU.Build.0 = Debug|Any CPU
		{28054B3D-C63E-475E-8A6B-C4A904E69DFC}.Release|Any CPU.ActiveCfg = Release|Any CPU
		{28054B3D-C63E-475E-8A6B-C4A904E69DFC}.Release|Any CPU.Build.0 = Release|Any CPU
		{8DBB31F6-7201-49EB-8FB8-85C382B1A801}.Debug|Any CPU.ActiveCfg = Debug|Any CPU
		{8DBB31F6-7201-49EB-8FB8-85C382B1A801}.Debug|Any CPU.Build.0 = Debug|Any CPU
		{8DBB31F6-7201-49EB-8FB8-85C382B1A801}.Release|Any CPU.ActiveCfg = Release|Any CPU
		{8DBB31F6-7201-49EB-8FB8-85C382B1A801}.Release|Any CPU.Build.0 = Release|Any CPU
		{FEF281DD-D37C-4EFC-8BBE-9E705480D916}.Debug|Any CPU.ActiveCfg = Debug|Any CPU
		{FEF281DD-D37C-4EFC-8BBE-9E705480D916}.Debug|Any CPU.Build.0 = Debug|Any CPU
		{FEF281DD-D37C-4EFC-8BBE-9E705480D916}.Release|Any CPU.ActiveCfg = Release|Any CPU
		{FEF281DD-D37C-4EFC-8BBE-9E705480D916}.Release|Any CPU.Build.0 = Release|Any CPU
		{1230C6D3-C01F-4076-9FF4-0F664821FFF1}.Debug|Any CPU.ActiveCfg = Debug|Any CPU
		{1230C6D3-C01F-4076-9FF4-0F664821FFF1}.Debug|Any CPU.Build.0 = Debug|Any CPU
		{1230C6D3-C01F-4076-9FF4-0F664821FFF1}.Release|Any CPU.ActiveCfg = Release|Any CPU
		{1230C6D3-C01F-4076-9FF4-0F664821FFF1}.Release|Any CPU.Build.0 = Release|Any CPU
		{A23D368F-5606-42C0-A488-01221DB25B30}.Debug|Any CPU.ActiveCfg = Debug|Any CPU
		{A23D368F-5606-42C0-A488-01221DB25B30}.Debug|Any CPU.Build.0 = Debug|Any CPU
		{A23D368F-5606-42C0-A488-01221DB25B30}.Release|Any CPU.ActiveCfg = Release|Any CPU
		{A23D368F-5606-42C0-A488-01221DB25B30}.Release|Any CPU.Build.0 = Release|Any CPU
		{65E0657E-D261-4A74-B960-446B09A170C8}.Debug|Any CPU.ActiveCfg = Debug|Any CPU
		{65E0657E-D261-4A74-B960-446B09A170C8}.Debug|Any CPU.Build.0 = Debug|Any CPU
		{65E0657E-D261-4A74-B960-446B09A170C8}.Release|Any CPU.ActiveCfg = Release|Any CPU
		{65E0657E-D261-4A74-B960-446B09A170C8}.Release|Any CPU.Build.0 = Release|Any CPU
		{BF727A73-264C-4C60-A37D-791234BF4D00}.Debug|Any CPU.ActiveCfg = Debug|Any CPU
		{BF727A73-264C-4C60-A37D-791234BF4D00}.Debug|Any CPU.Build.0 = Debug|Any CPU
		{BF727A73-264C-4C60-A37D-791234BF4D00}.Release|Any CPU.ActiveCfg = Release|Any CPU
		{BF727A73-264C-4C60-A37D-791234BF4D00}.Release|Any CPU.Build.0 = Release|Any CPU
		{A88E2687-36D0-4EA8-ACC8-F176EAE44EBD}.Debug|Any CPU.ActiveCfg = Debug|Any CPU
		{A88E2687-36D0-4EA8-ACC8-F176EAE44EBD}.Debug|Any CPU.Build.0 = Debug|Any CPU
		{A88E2687-36D0-4EA8-ACC8-F176EAE44EBD}.Release|Any CPU.ActiveCfg = Release|Any CPU
		{A88E2687-36D0-4EA8-ACC8-F176EAE44EBD}.Release|Any CPU.Build.0 = Release|Any CPU
		{1735EE3B-C2F4-4C05-B9DB-B463744870C5}.Debug|Any CPU.ActiveCfg = Debug|Any CPU
		{1735EE3B-C2F4-4C05-B9DB-B463744870C5}.Debug|Any CPU.Build.0 = Debug|Any CPU
		{1735EE3B-C2F4-4C05-B9DB-B463744870C5}.Release|Any CPU.ActiveCfg = Release|Any CPU
		{1735EE3B-C2F4-4C05-B9DB-B463744870C5}.Release|Any CPU.Build.0 = Release|Any CPU
		{B24908A2-CB32-4CD4-9010-D90A78652E33}.Debug|Any CPU.ActiveCfg = Debug|Any CPU
		{B24908A2-CB32-4CD4-9010-D90A78652E33}.Debug|Any CPU.Build.0 = Debug|Any CPU
		{B24908A2-CB32-4CD4-9010-D90A78652E33}.Release|Any CPU.ActiveCfg = Release|Any CPU
		{B24908A2-CB32-4CD4-9010-D90A78652E33}.Release|Any CPU.Build.0 = Release|Any CPU
		{97A20245-AB1A-4131-AE0C-35EB2F71D7EB}.Debug|Any CPU.ActiveCfg = Debug|Any CPU
		{97A20245-AB1A-4131-AE0C-35EB2F71D7EB}.Debug|Any CPU.Build.0 = Debug|Any CPU
		{97A20245-AB1A-4131-AE0C-35EB2F71D7EB}.Release|Any CPU.ActiveCfg = Release|Any CPU
		{97A20245-AB1A-4131-AE0C-35EB2F71D7EB}.Release|Any CPU.Build.0 = Release|Any CPU
		{1B1250B4-C226-487C-9E9A-CEE542CAC7DF}.Debug|Any CPU.ActiveCfg = Debug|Any CPU
		{1B1250B4-C226-487C-9E9A-CEE542CAC7DF}.Debug|Any CPU.Build.0 = Debug|Any CPU
		{1B1250B4-C226-487C-9E9A-CEE542CAC7DF}.Release|Any CPU.ActiveCfg = Release|Any CPU
		{1B1250B4-C226-487C-9E9A-CEE542CAC7DF}.Release|Any CPU.Build.0 = Release|Any CPU
		{301D6366-71F5-4B91-9547-8E1D25094BB7}.Debug|Any CPU.ActiveCfg = Debug|Any CPU
		{301D6366-71F5-4B91-9547-8E1D25094BB7}.Debug|Any CPU.Build.0 = Debug|Any CPU
		{301D6366-71F5-4B91-9547-8E1D25094BB7}.Release|Any CPU.ActiveCfg = Release|Any CPU
		{301D6366-71F5-4B91-9547-8E1D25094BB7}.Release|Any CPU.Build.0 = Release|Any CPU
		{BB6A980F-B03A-4D48-942B-3FEDF4ABB10A}.Debug|Any CPU.ActiveCfg = Debug|Any CPU
		{BB6A980F-B03A-4D48-942B-3FEDF4ABB10A}.Debug|Any CPU.Build.0 = Debug|Any CPU
		{BB6A980F-B03A-4D48-942B-3FEDF4ABB10A}.Release|Any CPU.ActiveCfg = Release|Any CPU
		{BB6A980F-B03A-4D48-942B-3FEDF4ABB10A}.Release|Any CPU.Build.0 = Release|Any CPU
		{D1B41DB5-AEE8-442E-AA7E-232232F78DF1}.Debug|Any CPU.ActiveCfg = Debug|Any CPU
		{D1B41DB5-AEE8-442E-AA7E-232232F78DF1}.Debug|Any CPU.Build.0 = Debug|Any CPU
		{D1B41DB5-AEE8-442E-AA7E-232232F78DF1}.Release|Any CPU.ActiveCfg = Release|Any CPU
		{D1B41DB5-AEE8-442E-AA7E-232232F78DF1}.Release|Any CPU.Build.0 = Release|Any CPU
		{ECAC2DB3-F740-464C-8120-A9AFF2965B42}.Debug|Any CPU.ActiveCfg = Debug|Any CPU
		{ECAC2DB3-F740-464C-8120-A9AFF2965B42}.Debug|Any CPU.Build.0 = Debug|Any CPU
		{ECAC2DB3-F740-464C-8120-A9AFF2965B42}.Release|Any CPU.ActiveCfg = Release|Any CPU
		{ECAC2DB3-F740-464C-8120-A9AFF2965B42}.Release|Any CPU.Build.0 = Release|Any CPU
		{A8C54E99-A450-45BB-952F-7A2A9518E7B5}.Debug|Any CPU.ActiveCfg = Debug|Any CPU
		{A8C54E99-A450-45BB-952F-7A2A9518E7B5}.Debug|Any CPU.Build.0 = Debug|Any CPU
		{A8C54E99-A450-45BB-952F-7A2A9518E7B5}.Release|Any CPU.ActiveCfg = Release|Any CPU
		{A8C54E99-A450-45BB-952F-7A2A9518E7B5}.Release|Any CPU.Build.0 = Release|Any CPU
		{401435DD-C100-4D65-8303-7D75A7BED506}.Debug|Any CPU.ActiveCfg = Debug|Any CPU
		{401435DD-C100-4D65-8303-7D75A7BED506}.Debug|Any CPU.Build.0 = Debug|Any CPU
		{401435DD-C100-4D65-8303-7D75A7BED506}.Release|Any CPU.ActiveCfg = Release|Any CPU
		{401435DD-C100-4D65-8303-7D75A7BED506}.Release|Any CPU.Build.0 = Release|Any CPU
		{0F268D6C-72CD-49C1-86A8-569186EDAC89}.Debug|Any CPU.ActiveCfg = Debug|Any CPU
		{0F268D6C-72CD-49C1-86A8-569186EDAC89}.Debug|Any CPU.Build.0 = Debug|Any CPU
		{0F268D6C-72CD-49C1-86A8-569186EDAC89}.Release|Any CPU.ActiveCfg = Release|Any CPU
		{0F268D6C-72CD-49C1-86A8-569186EDAC89}.Release|Any CPU.Build.0 = Release|Any CPU
		{7889FF78-3DE6-477C-BE92-FE20ED7DB070}.Debug|Any CPU.ActiveCfg = Debug|Any CPU
		{7889FF78-3DE6-477C-BE92-FE20ED7DB070}.Debug|Any CPU.Build.0 = Debug|Any CPU
		{7889FF78-3DE6-477C-BE92-FE20ED7DB070}.Release|Any CPU.ActiveCfg = Release|Any CPU
		{7889FF78-3DE6-477C-BE92-FE20ED7DB070}.Release|Any CPU.Build.0 = Release|Any CPU
		{4D8027D2-C596-40D4-B01D-6F0A9E2C5DA3}.Debug|Any CPU.ActiveCfg = Debug|Any CPU
		{4D8027D2-C596-40D4-B01D-6F0A9E2C5DA3}.Debug|Any CPU.Build.0 = Debug|Any CPU
		{4D8027D2-C596-40D4-B01D-6F0A9E2C5DA3}.Release|Any CPU.ActiveCfg = Release|Any CPU
		{4D8027D2-C596-40D4-B01D-6F0A9E2C5DA3}.Release|Any CPU.Build.0 = Release|Any CPU
		{6A807E8C-720A-4465-AB90-98CD9E433716}.Debug|Any CPU.ActiveCfg = Debug|Any CPU
		{6A807E8C-720A-4465-AB90-98CD9E433716}.Debug|Any CPU.Build.0 = Debug|Any CPU
		{6A807E8C-720A-4465-AB90-98CD9E433716}.Release|Any CPU.ActiveCfg = Release|Any CPU
		{6A807E8C-720A-4465-AB90-98CD9E433716}.Release|Any CPU.Build.0 = Release|Any CPU
		{16459DAC-99AD-4982-9351-724F790D77EF}.Debug|Any CPU.ActiveCfg = Debug|Any CPU
		{16459DAC-99AD-4982-9351-724F790D77EF}.Debug|Any CPU.Build.0 = Debug|Any CPU
		{16459DAC-99AD-4982-9351-724F790D77EF}.Release|Any CPU.ActiveCfg = Release|Any CPU
		{16459DAC-99AD-4982-9351-724F790D77EF}.Release|Any CPU.Build.0 = Release|Any CPU
	EndGlobalSection
	GlobalSection(SolutionProperties) = preSolution
		HideSolutionNode = FALSE
	EndGlobalSection
	GlobalSection(NestedProjects) = preSolution
		{82E04662-BC65-4B0E-99BD-19BAD9A1E68E} = {7C5DCF99-CCE3-4BA2-BC76-1E78F0E84B78}
		{28054B3D-C63E-475E-8A6B-C4A904E69DFC} = {7C5DCF99-CCE3-4BA2-BC76-1E78F0E84B78}
		{8DBB31F6-7201-49EB-8FB8-85C382B1A801} = {7C5DCF99-CCE3-4BA2-BC76-1E78F0E84B78}
		{FEF281DD-D37C-4EFC-8BBE-9E705480D916} = {84FA2A9D-1D91-4E7A-BC3F-F7B339444B6C}
		{1230C6D3-C01F-4076-9FF4-0F664821FFF1} = {84FA2A9D-1D91-4E7A-BC3F-F7B339444B6C}
		{A23D368F-5606-42C0-A488-01221DB25B30} = {84FA2A9D-1D91-4E7A-BC3F-F7B339444B6C}
		{65E0657E-D261-4A74-B960-446B09A170C8} = {D1B87EB3-2FF0-43DF-BFE1-FB6472F65891}
		{BF727A73-264C-4C60-A37D-791234BF4D00} = {D1B87EB3-2FF0-43DF-BFE1-FB6472F65891}
		{A88E2687-36D0-4EA8-ACC8-F176EAE44EBD} = {D1B87EB3-2FF0-43DF-BFE1-FB6472F65891}
		{1735EE3B-C2F4-4C05-B9DB-B463744870C5} = {662053ED-906C-45E9-B219-4AEC9DF38DDE}
		{B24908A2-CB32-4CD4-9010-D90A78652E33} = {662053ED-906C-45E9-B219-4AEC9DF38DDE}
		{97A20245-AB1A-4131-AE0C-35EB2F71D7EB} = {662053ED-906C-45E9-B219-4AEC9DF38DDE}
		{1B1250B4-C226-487C-9E9A-CEE542CAC7DF} = {45A2EB56-C2BA-43F4-B6E7-9472AE35F905}
		{301D6366-71F5-4B91-9547-8E1D25094BB7} = {45A2EB56-C2BA-43F4-B6E7-9472AE35F905}
		{BB6A980F-B03A-4D48-942B-3FEDF4ABB10A} = {45A2EB56-C2BA-43F4-B6E7-9472AE35F905}
		{D1B41DB5-AEE8-442E-AA7E-232232F78DF1} = {3EAA5244-324F-464F-AFDC-C27F19A91B45}
		{ECAC2DB3-F740-464C-8120-A9AFF2965B42} = {3EAA5244-324F-464F-AFDC-C27F19A91B45}
		{A8C54E99-A450-45BB-952F-7A2A9518E7B5} = {3EAA5244-324F-464F-AFDC-C27F19A91B45}
		{401435DD-C100-4D65-8303-7D75A7BED506} = {299BCF68-E79E-4378-A357-06A72B96D186}
		{0F268D6C-72CD-49C1-86A8-569186EDAC89} = {299BCF68-E79E-4378-A357-06A72B96D186}
		{7889FF78-3DE6-477C-BE92-FE20ED7DB070} = {299BCF68-E79E-4378-A357-06A72B96D186}
		{4D8027D2-C596-40D4-B01D-6F0A9E2C5DA3} = {625336D1-C56E-441D-B104-0694D36B6B7C}
		{6A807E8C-720A-4465-AB90-98CD9E433716} = {625336D1-C56E-441D-B104-0694D36B6B7C}
		{16459DAC-99AD-4982-9351-724F790D77EF} = {625336D1-C56E-441D-B104-0694D36B6B7C}
	EndGlobalSection
EndGlobal
