
Microsoft Visual Studio Solution File, Format Version 12.00
# Visual Studio Version 17
VisualStudioVersion = 17.12.35527.113 d17.12
MinimumVisualStudioVersion = 10.0.40219.1
Project("{2150E333-8FDC-42A3-9474-1A3956D46DE8}") = "Task0", "Task0", "{7C5DCF99-CCE3-4BA2-BC76-1E78F0E84B78}"
EndProject
Project("{FAE04EC0-301F-11D3-BF4B-00C04F79EFBC}") = "Tyuiu.MarkovSE.Sprint5.Task0.V20", "Tyuiu.MarkovSE.Sprint5.Task0.V20\Tyuiu.MarkovSE.Sprint5.Task0.V20.csproj", "{82E04662-BC65-4B0E-99BD-19BAD9A1E68E}"
EndProject
Project("{FAE04EC0-301F-11D3-BF4B-00C04F79EFBC}") = "Tyuiu.MarkovSE.Sprint5.Task0.V20.Lib", "Tyuiu.MarkovSE.Sprint5.Task0.V20.Lib\Tyuiu.MarkovSE.Sprint5.Task0.V20.Lib.csproj", "{28054B3D-C63E-475E-8A6B-C4A904E69DFC}"
EndProject
Project("{FAE04EC0-301F-11D3-BF4B-00C04F79EFBC}") = "Tyuiu.MarkovSE.Sprint5.Task0.V20.Test", "Tyuiu.MarkovSE.Sprint5.Task0.V20.Test\Tyuiu.MarkovSE.Sprint5.Task0.V20.Test.csproj", "{8DBB31F6-7201-49EB-8FB8-85C382B1A801}"
EndProject
Project("{2150E333-8FDC-42A3-9474-1A3956D46DE8}") = "Task1", "Task1", "{84FA2A9D-1D91-4E7A-BC3F-F7B339444B6C}"
EndProject
Project("{FAE04EC0-301F-11D3-BF4B-00C04F79EFBC}") = "Tyuiu.MarkovSE.Sprint5.Task1.V30", "Tyuiu.MarkovSE.Sprint5.Task1.V30\Tyuiu.MarkovSE.Sprint5.Task1.V30.csproj", "{FEF281DD-D37C-4EFC-8BBE-9E705480D916}"
EndProject
Project("{FAE04EC0-301F-11D3-BF4B-00C04F79EFBC}") = "Tyuiu.MarkovSE.Sprint5.Task1.V30.Lib", "Tyuiu.MarkovSE.Sprint5.Task1.V30.Lib\Tyuiu.MarkovSE.Sprint5.Task1.V30.Lib.csproj", "{1230C6D3-C01F-4076-9FF4-0F664821FFF1}"
EndProject
Project("{FAE04EC0-301F-11D3-BF4B-00C04F79EFBC}") = "Tyuiu.MarkovSE.Sprint5.Task1.V30.Test", "Tyuiu.MarkovSE.Sprint5.Task1.V30.Test\Tyuiu.MarkovSE.Sprint5.Task1.V30.Test.csproj", "{A23D368F-5606-42C0-A488-01221DB25B30}"
EndProject
Global
	GlobalSection(SolutionConfigurationPlatforms) = preSolution
		Debug|Any CPU = Debug|Any CPU
		Release|Any CPU = Release|Any CPU
	EndGlobalSection
	GlobalSection(ProjectConfigurationPlatforms) = postSolution
		{82E04662-BC65-4B0E-99BD-19BAD9A1E68E}.Debug|Any CPU.ActiveCfg = Debug|Any CPU
		{82E04662-BC65-4B0E-99BD-19BAD9A1E68E}.Debug|Any CPU.Build.0 = Debug|Any CPU
		{82E04662-BC65-4B0E-99BD-19BAD9A1E68E}.Release|Any CPU.ActiveCfg = Release|Any CPU
		{82E04662-BC65-4B0E-99BD-19BAD9A1E68E}.Release|Any CPU.Build.0 = Release|Any CPU
		{28054B3D-C63E-475E-8A6B-C4A904E69DFC}.Debug|Any CPU.ActiveCfg = Debug|Any CPU
		{28054B3D-C63E-475E-8A6B-C4A904E69DFC}.Debug|Any CPU.Build.0 = Debug|Any CPU
		{28054B3D-C63E-475E-8A6B-C4A904E69DFC}.Release|Any CPU.ActiveCfg = Release|Any CPU
		{28054B3D-C63E-475E-8A6B-C4A904E69DFC}.Release|Any CPU.Build.0 = Release|Any CPU
		{8DBB31F6-7201-49EB-8FB8-85C382B1A801}.Debug|Any CPU.ActiveCfg = Debug|Any CPU
		{8DBB31F6-7201-49EB-8FB8-85C382B1A801}.Debug|Any CPU.Build.0 = Debug|Any CPU
		{8DBB31F6-7201-49EB-8FB8-85C382B1A801}.Release|Any CPU.ActiveCfg = Release|Any CPU
		{8DBB31F6-7201-49EB-8FB8-85C382B1A801}.Release|Any CPU.Build.0 = Release|Any CPU
		{FEF281DD-D37C-4EFC-8BBE-9E705480D916}.Debug|Any CPU.ActiveCfg = Debug|Any CPU
		{FEF281DD-D37C-4EFC-8BBE-9E705480D916}.Debug|Any CPU.Build.0 = Debug|Any CPU
		{FEF281DD-D37C-4EFC-8BBE-9E705480D916}.Release|Any CPU.ActiveCfg = Release|Any CPU
		{FEF281DD-D37C-4EFC-8BBE-9E705480D916}.Release|Any CPU.Build.0 = Release|Any CPU
		{1230C6D3-C01F-4076-9FF4-0F664821FFF1}.Debug|Any CPU.ActiveCfg = Debug|Any CPU
		{1230C6D3-C01F-4076-9FF4-0F664821FFF1}.Debug|Any CPU.Build.0 = Debug|Any CPU
		{1230C6D3-C01F-4076-9FF4-0F664821FFF1}.Release|Any CPU.ActiveCfg = Release|Any CPU
		{1230C6D3-C01F-4076-9FF4-0F664821FFF1}.Release|Any CPU.Build.0 = Release|Any CPU
		{A23D368F-5606-42C0-A488-01221DB25B30}.Debug|Any CPU.ActiveCfg = Debug|Any CPU
		{A23D368F-5606-42C0-A488-01221DB25B30}.Debug|Any CPU.Build.0 = Debug|Any CPU
		{A23D368F-5606-42C0-A488-01221DB25B30}.Release|Any CPU.ActiveCfg = Release|Any CPU
		{A23D368F-5606-42C0-A488-01221DB25B30}.Release|Any CPU.Build.0 = Release|Any CPU
	EndGlobalSection
	GlobalSection(SolutionProperties) = preSolution
		HideSolutionNode = FALSE
	EndGlobalSection
	GlobalSection(NestedProjects) = preSolution
		{82E04662-BC65-4B0E-99BD-19BAD9A1E68E} = {7C5DCF99-CCE3-4BA2-BC76-1E78F0E84B78}
		{28054B3D-C63E-475E-8A6B-C4A904E69DFC} = {7C5DCF99-CCE3-4BA2-BC76-1E78F0E84B78}
		{8DBB31F6-7201-49EB-8FB8-85C382B1A801} = {7C5DCF99-CCE3-4BA2-BC76-1E78F0E84B78}
		{FEF281DD-D37C-4EFC-8BBE-9E705480D916} = {84FA2A9D-1D91-4E7A-BC3F-F7B339444B6C}
		{1230C6D3-C01F-4076-9FF4-0F664821FFF1} = {84FA2A9D-1D91-4E7A-BC3F-F7B339444B6C}
		{A23D368F-5606-42C0-A488-01221DB25B30} = {84FA2A9D-1D91-4E7A-BC3F-F7B339444B6C}
	EndGlobalSection
EndGlobal
